# This file is automatically @generated by Cargo.
# It is not intended for manual editing.
version = 4

[[package]]
name = "toboggan-core"
version = "0.1.0"

[[package]]
name = "toboggan-desktop"
version = "0.1.0"

[[package]]
name = "toboggan-esp32"
version = "0.1.0"

[[package]]
name = "toboggan-ios"
version = "0.1.0"

[[package]]
name = "toboggan-server"
version = "0.1.0"

[[package]]
name = "toboggan-web"
version = "0.1.0"
